
Microsoft Visual Studio Solution File, Format Version 12.00
# Visual Studio Version 17
VisualStudioVersion = 17.13.35828.75
MinimumVisualStudioVersion = 10.0.40219.1
Project("{2150E333-8FDC-42A3-9474-1A3956D46DE8}") = "src", "src", "{02EA681E-C7D8-13C7-8484-4AC65E1B71E8}"
EndProject
Project("{2150E333-8FDC-42A3-9474-1A3956D46DE8}") = "utilities", "utilities", "{41986883-1634-41F3-8C36-43B776BEF4EA}"
EndProject
Project("{FAE04EC0-301F-11D3-BF4B-00C04F79EFBC}") = "WorkerSapScada", "src\WorkerSapScada\WorkerSapScada.csproj", "{D731A5F7-3C81-7AFA-6FF0-58DFDB24F382}"
EndProject
Project("{FAE04EC0-301F-11D3-BF4B-00C04F79EFBC}") = "Application", "src\Application\Application.csproj", "{5BDAB160-5258-45DA-1CDF-4BFCF367E785}"
EndProject
Project("{FAE04EC0-301F-11D3-BF4B-00C04F79EFBC}") = "Domain", "src\Domain\Domain.csproj", "{87EDA1D2-4B5B-E524-38CE-D0BFCA5F4D6B}"
EndProject
Project("{FAE04EC0-301F-11D3-BF4B-00C04F79EFBC}") = "Infrastructure", "src\Infrastructure\Infrastructure.csproj", "{3D745DFE-AF9A-E111-755D-FD3FFF280728}"
EndProject
Project("{FAE04EC0-301F-11D3-BF4B-00C04F79EFBC}") = "Arq.Core", "utilities\Arq.Core\Arq.Core.csproj", "{41596570-7747-D2E0-C78B-E585981F09D2}"
EndProject
Project("{FAE04EC0-301F-11D3-BF4B-00C04F79EFBC}") = "Arq.Cqrs", "utilities\Arq.Cqrs\Arq.Cqrs.csproj", "{16147ABA-4E1E-A390-C40B-8858BE6FCCEF}"
EndProject
Project("{FAE04EC0-301F-11D3-BF4B-00C04F79EFBC}") = "Arq.Host", "utilities\Arq.Host\Arq.Host.csproj", "{4E34F868-6EC6-8F5F-8A12-910614E0A7D4}"
EndProject
Global
	GlobalSection(SolutionConfigurationPlatforms) = preSolution
		Debug|Any CPU = Debug|Any CPU
		Release|Any CPU = Release|Any CPU
	EndGlobalSection
	GlobalSection(ProjectConfigurationPlatforms) = postSolution
		{D731A5F7-3C81-7AFA-6FF0-58DFDB24F382}.Debug|Any CPU.ActiveCfg = Debug|Any CPU
		{D731A5F7-3C81-7AFA-6FF0-58DFDB24F382}.Debug|Any CPU.Build.0 = Debug|Any CPU
		{D731A5F7-3C81-7AFA-6FF0-58DFDB24F382}.Release|Any CPU.ActiveCfg = Release|Any CPU
		{D731A5F7-3C81-7AFA-6FF0-58DFDB24F382}.Release|Any CPU.Build.0 = Release|Any CPU
		{5BDAB160-5258-45DA-1CDF-4BFCF367E785}.Debug|Any CPU.ActiveCfg = Debug|Any CPU
		{5BDAB160-5258-45DA-1CDF-4BFCF367E785}.Debug|Any CPU.Build.0 = Debug|Any CPU
		{5BDAB160-5258-45DA-1CDF-4BFCF367E785}.Release|Any CPU.ActiveCfg = Release|Any CPU
		{5BDAB160-5258-45DA-1CDF-4BFCF367E785}.Release|Any CPU.Build.0 = Release|Any CPU
		{87EDA1D2-4B5B-E524-38CE-D0BFCA5F4D6B}.Debug|Any CPU.ActiveCfg = Debug|Any CPU
		{87EDA1D2-4B5B-E524-38CE-D0BFCA5F4D6B}.Debug|Any CPU.Build.0 = Debug|Any CPU
		{87EDA1D2-4B5B-E524-38CE-D0BFCA5F4D6B}.Release|Any CPU.ActiveCfg = Release|Any CPU
		{87EDA1D2-4B5B-E524-38CE-D0BFCA5F4D6B}.Release|Any CPU.Build.0 = Release|Any CPU
		{3D745DFE-AF9A-E111-755D-FD3FFF280728}.Debug|Any CPU.ActiveCfg = Debug|Any CPU
		{3D745DFE-AF9A-E111-755D-FD3FFF280728}.Debug|Any CPU.Build.0 = Debug|Any CPU
		{3D745DFE-AF9A-E111-755D-FD3FFF280728}.Release|Any CPU.ActiveCfg = Release|Any CPU
		{3D745DFE-AF9A-E111-755D-FD3FFF280728}.Release|Any CPU.Build.0 = Release|Any CPU
		{41596570-7747-D2E0-C78B-E585981F09D2}.Debug|Any CPU.ActiveCfg = Debug|Any CPU
		{41596570-7747-D2E0-C78B-E585981F09D2}.Debug|Any CPU.Build.0 = Debug|Any CPU
		{41596570-7747-D2E0-C78B-E585981F09D2}.Release|Any CPU.ActiveCfg = Release|Any CPU
		{41596570-7747-D2E0-C78B-E585981F09D2}.Release|Any CPU.Build.0 = Release|Any CPU
		{16147ABA-4E1E-A390-C40B-8858BE6FCCEF}.Debug|Any CPU.ActiveCfg = Debug|Any CPU
		{16147ABA-4E1E-A390-C40B-8858BE6FCCEF}.Debug|Any CPU.Build.0 = Debug|Any CPU
		{16147ABA-4E1E-A390-C40B-8858BE6FCCEF}.Release|Any CPU.ActiveCfg = Release|Any CPU
		{16147ABA-4E1E-A390-C40B-8858BE6FCCEF}.Release|Any CPU.Build.0 = Release|Any CPU
		{4E34F868-6EC6-8F5F-8A12-910614E0A7D4}.Debug|Any CPU.ActiveCfg = Debug|Any CPU
		{4E34F868-6EC6-8F5F-8A12-910614E0A7D4}.Debug|Any CPU.Build.0 = Debug|Any CPU
		{4E34F868-6EC6-8F5F-8A12-910614E0A7D4}.Release|Any CPU.ActiveCfg = Release|Any CPU
		{4E34F868-6EC6-8F5F-8A12-910614E0A7D4}.Release|Any CPU.Build.0 = Release|Any CPU
	EndGlobalSection
	GlobalSection(SolutionProperties) = preSolution
		HideSolutionNode = FALSE
	EndGlobalSection
	GlobalSection(NestedProjects) = preSolution
		{D731A5F7-3C81-7AFA-6FF0-58DFDB24F382} = {02EA681E-C7D8-13C7-8484-4AC65E1B71E8}
		{5BDAB160-5258-45DA-1CDF-4BFCF367E785} = {02EA681E-C7D8-13C7-8484-4AC65E1B71E8}
		{87EDA1D2-4B5B-E524-38CE-D0BFCA5F4D6B} = {02EA681E-C7D8-13C7-8484-4AC65E1B71E8}
		{3D745DFE-AF9A-E111-755D-FD3FFF280728} = {02EA681E-C7D8-13C7-8484-4AC65E1B71E8}
		{41596570-7747-D2E0-C78B-E585981F09D2} = {41986883-1634-41F3-8C36-43B776BEF4EA}
		{16147ABA-4E1E-A390-C40B-8858BE6FCCEF} = {41986883-1634-41F3-8C36-43B776BEF4EA}
		{4E34F868-6EC6-8F5F-8A12-910614E0A7D4} = {41986883-1634-41F3-8C36-43B776BEF4EA}
	EndGlobalSection
	GlobalSection(ExtensibilityGlobals) = postSolution
		SolutionGuid = {1EF5E788-F7F3-4832-A2E7-1AB136BA4DAD}
	EndGlobalSection
EndGlobal
